
Microsoft Visual Studio Solution File, Format Version 12.00
Project("{FAE04EC0-301F-11D3-BF4B-00C04F79EFBC}") = "HomeWork1-Animals", "HomeWork1-Animals\HomeWork1-Animals.csproj", "{87AFD995-60E5-4DE7-9013-AF5D7AB973BF}"
EndProject
Project("{FAE04EC0-301F-11D3-BF4B-00C04F79EFBC}") = "HomeWork2-Library", "HomeWork2-Library\HomeWork2-Library.csproj", "{4A10AF13-C6FD-4F3C-AE3E-9F181D4357CA}"
EndProject
Project("{FAE04EC0-301F-11D3-BF4B-00C04F79EFBC}") = "HomeWork-3-LINQ", "HomeWork-3-LINQ\HomeWork-3-LINQ.csproj", "{FC3F5F20-2FE0-4C5F-A6A7-172EEA6DA1C9}"
EndProject
Project("{FAE04EC0-301F-11D3-BF4B-00C04F79EFBC}") = "HomeWork-4-CustomList", "HomeWork-4-CustomList\HomeWork-4-CustomList.csproj", "{58E03F76-FF89-40AC-9A8F-5B2723495374}"
EndProject
Project("{FAE04EC0-301F-11D3-BF4B-00C04F79EFBC}") = "HomeWork-5-AdjustAnimalHotel", "HomeWork-5-AdjustAnimalHotel\HomeWork-5-AdjustAnimalHotel.csproj", "{0CD2C4CC-A1CA-44A5-B6DB-5FB82B92673A}"
EndProject
Project("{FAE04EC0-301F-11D3-BF4B-00C04F79EFBC}") = "HomeWork-7-Multithreading", "HomeWork-7-Multithreading\HomeWork-7-Multithreading.csproj", "{5EA18C9E-12B3-4AA0-B14E-6C78909357E9}"
EndProject
Project("{FAE04EC0-301F-11D3-BF4B-00C04F79EFBC}") = "HomeWork-8-AsyncAwait", "HomeWork-8-AsyncAwait\HomeWork-8-AsyncAwait.csproj", "{954EDDDE-FA94-4AE6-97C1-B8BB65AF6B7A}"
EndProject
Global
	GlobalSection(SolutionConfigurationPlatforms) = preSolution
		Debug|Any CPU = Debug|Any CPU
		Release|Any CPU = Release|Any CPU
	EndGlobalSection
	GlobalSection(ProjectConfigurationPlatforms) = postSolution
		{87AFD995-60E5-4DE7-9013-AF5D7AB973BF}.Debug|Any CPU.ActiveCfg = Debug|Any CPU
		{87AFD995-60E5-4DE7-9013-AF5D7AB973BF}.Debug|Any CPU.Build.0 = Debug|Any CPU
		{87AFD995-60E5-4DE7-9013-AF5D7AB973BF}.Release|Any CPU.ActiveCfg = Release|Any CPU
		{87AFD995-60E5-4DE7-9013-AF5D7AB973BF}.Release|Any CPU.Build.0 = Release|Any CPU
		{4A10AF13-C6FD-4F3C-AE3E-9F181D4357CA}.Debug|Any CPU.ActiveCfg = Debug|Any CPU
		{4A10AF13-C6FD-4F3C-AE3E-9F181D4357CA}.Debug|Any CPU.Build.0 = Debug|Any CPU
		{4A10AF13-C6FD-4F3C-AE3E-9F181D4357CA}.Release|Any CPU.ActiveCfg = Release|Any CPU
		{4A10AF13-C6FD-4F3C-AE3E-9F181D4357CA}.Release|Any CPU.Build.0 = Release|Any CPU
		{FC3F5F20-2FE0-4C5F-A6A7-172EEA6DA1C9}.Debug|Any CPU.ActiveCfg = Debug|Any CPU
		{FC3F5F20-2FE0-4C5F-A6A7-172EEA6DA1C9}.Debug|Any CPU.Build.0 = Debug|Any CPU
		{FC3F5F20-2FE0-4C5F-A6A7-172EEA6DA1C9}.Release|Any CPU.ActiveCfg = Release|Any CPU
		{FC3F5F20-2FE0-4C5F-A6A7-172EEA6DA1C9}.Release|Any CPU.Build.0 = Release|Any CPU
		{58E03F76-FF89-40AC-9A8F-5B2723495374}.Debug|Any CPU.ActiveCfg = Debug|Any CPU
		{58E03F76-FF89-40AC-9A8F-5B2723495374}.Debug|Any CPU.Build.0 = Debug|Any CPU
		{58E03F76-FF89-40AC-9A8F-5B2723495374}.Release|Any CPU.ActiveCfg = Release|Any CPU
		{58E03F76-FF89-40AC-9A8F-5B2723495374}.Release|Any CPU.Build.0 = Release|Any CPU
		{0CD2C4CC-A1CA-44A5-B6DB-5FB82B92673A}.Debug|Any CPU.ActiveCfg = Debug|Any CPU
		{0CD2C4CC-A1CA-44A5-B6DB-5FB82B92673A}.Debug|Any CPU.Build.0 = Debug|Any CPU
		{0CD2C4CC-A1CA-44A5-B6DB-5FB82B92673A}.Release|Any CPU.ActiveCfg = Release|Any CPU
		{0CD2C4CC-A1CA-44A5-B6DB-5FB82B92673A}.Release|Any CPU.Build.0 = Release|Any CPU
		{5EA18C9E-12B3-4AA0-B14E-6C78909357E9}.Debug|Any CPU.ActiveCfg = Debug|Any CPU
		{5EA18C9E-12B3-4AA0-B14E-6C78909357E9}.Debug|Any CPU.Build.0 = Debug|Any CPU
		{5EA18C9E-12B3-4AA0-B14E-6C78909357E9}.Release|Any CPU.ActiveCfg = Release|Any CPU
		{5EA18C9E-12B3-4AA0-B14E-6C78909357E9}.Release|Any CPU.Build.0 = Release|Any CPU
		{954EDDDE-FA94-4AE6-97C1-B8BB65AF6B7A}.Debug|Any CPU.ActiveCfg = Debug|Any CPU
		{954EDDDE-FA94-4AE6-97C1-B8BB65AF6B7A}.Debug|Any CPU.Build.0 = Debug|Any CPU
		{954EDDDE-FA94-4AE6-97C1-B8BB65AF6B7A}.Release|Any CPU.ActiveCfg = Release|Any CPU
		{954EDDDE-FA94-4AE6-97C1-B8BB65AF6B7A}.Release|Any CPU.Build.0 = Release|Any CPU
	EndGlobalSection
EndGlobal
